
Microsoft Visual Studio Solution File, Format Version 12.00
# Visual Studio 15
VisualStudioVersion = 15.0.26403.3
MinimumVisualStudioVersion = 10.0.40219.1
Project("{FAE04EC0-301F-11D3-BF4B-00C04F79EFBC}") = "WMIWrapper.WindowsDefender", "WMIWrapper.WindowsDefender\WMIWrapper.WindowsDefender.csproj", "{90163EA0-2443-48B6-94BE-40C2C5111929}"
EndProject
Project("{FAE04EC0-301F-11D3-BF4B-00C04F79EFBC}") = "WMIWrapper.WindowsDefenderTests", "WMIWrapper.WindowsDefenderTests\WMIWrapper.WindowsDefenderTests.csproj", "{3EFF1024-C742-4211-B95E-1DB902AA02D7}"
EndProject
Global
	GlobalSection(SolutionConfigurationPlatforms) = preSolution
		Debug|Any CPU = Debug|Any CPU
		Release|Any CPU = Release|Any CPU
	EndGlobalSection
	GlobalSection(ProjectConfigurationPlatforms) = postSolution
		{90163EA0-2443-48B6-94BE-40C2C5111929}.Debug|Any CPU.ActiveCfg = Debug|Any CPU
		{90163EA0-2443-48B6-94BE-40C2C5111929}.Debug|Any CPU.Build.0 = Debug|Any CPU
		{90163EA0-2443-48B6-94BE-40C2C5111929}.Release|Any CPU.ActiveCfg = Release|Any CPU
		{90163EA0-2443-48B6-94BE-40C2C5111929}.Release|Any CPU.Build.0 = Release|Any CPU
		{3EFF1024-C742-4211-B95E-1DB902AA02D7}.Debug|Any CPU.ActiveCfg = Debug|Any CPU
		{3EFF1024-C742-4211-B95E-1DB902AA02D7}.Debug|Any CPU.Build.0 = Debug|Any CPU
		{3EFF1024-C742-4211-B95E-1DB902AA02D7}.Release|Any CPU.ActiveCfg = Release|Any CPU
		{3EFF1024-C742-4211-B95E-1DB902AA02D7}.Release|Any CPU.Build.0 = Release|Any CPU
	EndGlobalSection
	GlobalSection(SolutionProperties) = preSolution
		HideSolutionNode = FALSE
	EndGlobalSection
EndGlobal
